// !$*UTF8*$!
{
	archiveVersion = 1;
	classes = {
	};
	objectVersion = 46;
	objects = {

/* Begin PBXBuildFile section */
		A48070E41808179C0022B971 /* ImageViewController.m in Sources */ = {isa = PBXBuildFile; fileRef = A48070E31808179C0022B971 /* ImageViewController.m */; };
		A48070E7180817B80022B971 /* PhotoImageViewController.m in Sources */ = {isa = PBXBuildFile; fileRef = A48070E6180817B80022B971 /* PhotoImageViewController.m */; };
		A48182131805D68400485596 /* Foundation.framework in Frameworks */ = {isa = PBXBuildFile; fileRef = A48182121805D68400485596 /* Foundation.framework */; };
		A48182151805D68400485596 /* CoreGraphics.framework in Frameworks */ = {isa = PBXBuildFile; fileRef = A48182141805D68400485596 /* CoreGraphics.framework */; };
		A48182171805D68400485596 /* UIKit.framework in Frameworks */ = {isa = PBXBuildFile; fileRef = A48182161805D68400485596 /* UIKit.framework */; };
		A481821D1805D68400485596 /* InfoPlist.strings in Resources */ = {isa = PBXBuildFile; fileRef = A481821B1805D68400485596 /* InfoPlist.strings */; };
		A481821F1805D68400485596 /* main.m in Sources */ = {isa = PBXBuildFile; fileRef = A481821E1805D68400485596 /* main.m */; };
		A48182231805D68400485596 /* AppDelegate.m in Sources */ = {isa = PBXBuildFile; fileRef = A48182221805D68400485596 /* AppDelegate.m */; };
		A48182261805D68400485596 /* iPhone.storyboard in Resources */ = {isa = PBXBuildFile; fileRef = A48182241805D68400485596 /* iPhone.storyboard */; };
		A481822B1805D68400485596 /* Images.xcassets in Resources */ = {isa = PBXBuildFile; fileRef = A481822A1805D68400485596 /* Images.xcassets */; };
		A48182321805D68400485596 /* XCTest.framework in Frameworks */ = {isa = PBXBuildFile; fileRef = A48182311805D68400485596 /* XCTest.framework */; };
		A48182331805D68400485596 /* Foundation.framework in Frameworks */ = {isa = PBXBuildFile; fileRef = A48182121805D68400485596 /* Foundation.framework */; };
		A48182341805D68400485596 /* UIKit.framework in Frameworks */ = {isa = PBXBuildFile; fileRef = A48182161805D68400485596 /* UIKit.framework */; };
		A481823C1805D68400485596 /* InfoPlist.strings in Resources */ = {isa = PBXBuildFile; fileRef = A481823A1805D68400485596 /* InfoPlist.strings */; };
		A481823E1805D68400485596 /* PhotomaniaTests.m in Sources */ = {isa = PBXBuildFile; fileRef = A481823D1805D68400485596 /* PhotomaniaTests.m */; };
		A48182491805D7D100485596 /* Photomania.xcdatamodeld in Sources */ = {isa = PBXBuildFile; fileRef = A48182471805D7D100485596 /* Photomania.xcdatamodeld */; };
		A48182581805DA6E00485596 /* Photo+Flickr.m in Sources */ = {isa = PBXBuildFile; fileRef = A48182571805DA6E00485596 /* Photo+Flickr.m */; };
		A481825D1805DBF700485596 /* FlickrFetcher.m in Sources */ = {isa = PBXBuildFile; fileRef = A481825C1805DBF700485596 /* FlickrFetcher.m */; };
		A48182621805DC8C00485596 /* AttributedStringViewController.m in Sources */ = {isa = PBXBuildFile; fileRef = A481825F1805DC8C00485596 /* AttributedStringViewController.m */; };
		A48182661805EDA600485596 /* Photographer+Create.m in Sources */ = {isa = PBXBuildFile; fileRef = A48182651805EDA600485596 /* Photographer+Create.m */; };
		A48182691805F03600485596 /* PhotographerCDTVC.m in Sources */ = {isa = PBXBuildFile; fileRef = A48182681805F03600485596 /* PhotographerCDTVC.m */; };
		A481AC5B1806162500DF5CAB /* DemoPhotographerCDTV.m in Sources */ = {isa = PBXBuildFile; fileRef = A481AC5A1806162500DF5CAB /* DemoPhotographerCDTV.m */; };
		A481AC5D18061D0E00DF5CAB /* CoreData.framework in Frameworks */ = {isa = PBXBuildFile; fileRef = A481AC5C18061D0E00DF5CAB /* CoreData.framework */; };
		A481AC601806249F00DF5CAB /* CoreDataTableViewController.m in Sources */ = {isa = PBXBuildFile; fileRef = A481AC5F1806249F00DF5CAB /* CoreDataTableViewController.m */; };
		A481AC631806287D00DF5CAB /* PhotoByPhotographerCDTVC.m in Sources */ = {isa = PBXBuildFile; fileRef = A481AC621806287D00DF5CAB /* PhotoByPhotographerCDTVC.m */; };
		A486456E1807FA36006C873B /* MapKit.framework in Frameworks */ = {isa = PBXBuildFile; fileRef = A486456D1807FA36006C873B /* MapKit.framework */; };
		A496A5101807722100D230B4 /* iPad.storyboard in Resources */ = {isa = PBXBuildFile; fileRef = A496A50F1807722100D230B4 /* iPad.storyboard */; };
		A496A513180772F000D230B4 /* MapViewController.m in Sources */ = {isa = PBXBuildFile; fileRef = A496A512180772F000D230B4 /* MapViewController.m */; };
		A496A5161807738700D230B4 /* PhotographerMapViewController.m in Sources */ = {isa = PBXBuildFile; fileRef = A496A5151807738700D230B4 /* PhotographerMapViewController.m */; };
		A496A519180773E200D230B4 /* PhotoByPhotographerMapViewController.m in Sources */ = {isa = PBXBuildFile; fileRef = A496A518180773E200D230B4 /* PhotoByPhotographerMapViewController.m */; };
		A496A51C1807743500D230B4 /* DemoPhotographerMapViewController.m in Sources */ = {isa = PBXBuildFile; fileRef = A496A51B1807743500D230B4 /* DemoPhotographerMapViewController.m */; };
		A496A51F180775A800D230B4 /* Photographer+MKAnnotation.m in Sources */ = {isa = PBXBuildFile; fileRef = A496A51E180775A800D230B4 /* Photographer+MKAnnotation.m */; };
		A496A522180775B600D230B4 /* Photo+MKAnnotation.m in Sources */ = {isa = PBXBuildFile; fileRef = A496A521180775B600D230B4 /* Photo+MKAnnotation.m */; };
		A496A52E180776CF00D230B4 /* Photographer.m in Sources */ = {isa = PBXBuildFile; fileRef = A496A52D180776CF00D230B4 /* Photographer.m */; };
		A496A5371807779400D230B4 /* Photo.m in Sources */ = {isa = PBXBuildFile; fileRef = A496A5361807779400D230B4 /* Photo.m */; };
/* End PBXBuildFile section */

/* Begin PBXContainerItemProxy section */
		A48182351805D68400485596 /* PBXContainerItemProxy */ = {
			isa = PBXContainerItemProxy;
			containerPortal = A48182071805D68400485596 /* Project object */;
			proxyType = 1;
			remoteGlobalIDString = A481820E1805D68400485596;
			remoteInfo = Photomania;
		};
/* End PBXContainerItemProxy section */

/* Begin PBXFileReference section */
		A48070E21808179C0022B971 /* ImageViewController.h */ = {isa = PBXFileReference; fileEncoding = 4; lastKnownFileType = sourcecode.c.h; path = ImageViewController.h; sourceTree = "<group>"; };
		A48070E31808179C0022B971 /* ImageViewController.m */ = {isa = PBXFileReference; fileEncoding = 4; lastKnownFileType = sourcecode.c.objc; path = ImageViewController.m; sourceTree = "<group>"; };
		A48070E5180817B80022B971 /* PhotoImageViewController.h */ = {isa = PBXFileReference; fileEncoding = 4; lastKnownFileType = sourcecode.c.h; path = PhotoImageViewController.h; sourceTree = "<group>"; };
		A48070E6180817B80022B971 /* PhotoImageViewController.m */ = {isa = PBXFileReference; fileEncoding = 4; lastKnownFileType = sourcecode.c.objc; path = PhotoImageViewController.m; sourceTree = "<group>"; };
		A481820F1805D68400485596 /* Photomania.app */ = {isa = PBXFileReference; explicitFileType = wrapper.application; includeInIndex = 0; path = Photomania.app; sourceTree = BUILT_PRODUCTS_DIR; };
		A48182121805D68400485596 /* Foundation.framework */ = {isa = PBXFileReference; lastKnownFileType = wrapper.framework; name = Foundation.framework; path = System/Library/Frameworks/Foundation.framework; sourceTree = SDKROOT; };
		A48182141805D68400485596 /* CoreGraphics.framework */ = {isa = PBXFileReference; lastKnownFileType = wrapper.framework; name = CoreGraphics.framework; path = System/Library/Frameworks/CoreGraphics.framework; sourceTree = SDKROOT; };
		A48182161805D68400485596 /* UIKit.framework */ = {isa = PBXFileReference; lastKnownFileType = wrapper.framework; name = UIKit.framework; path = System/Library/Frameworks/UIKit.framework; sourceTree = SDKROOT; };
		A481821A1805D68400485596 /* Photomania-Info.plist */ = {isa = PBXFileReference; lastKnownFileType = text.plist.xml; path = "Photomania-Info.plist"; sourceTree = "<group>"; };
		A481821C1805D68400485596 /* en */ = {isa = PBXFileReference; lastKnownFileType = text.plist.strings; name = en; path = en.lproj/InfoPlist.strings; sourceTree = "<group>"; };
		A481821E1805D68400485596 /* main.m */ = {isa = PBXFileReference; lastKnownFileType = sourcecode.c.objc; path = main.m; sourceTree = "<group>"; };
		A48182201805D68400485596 /* Photomania-Prefix.pch */ = {isa = PBXFileReference; lastKnownFileType = sourcecode.c.h; path = "Photomania-Prefix.pch"; sourceTree = "<group>"; };
		A48182211805D68400485596 /* AppDelegate.h */ = {isa = PBXFileReference; lastKnownFileType = sourcecode.c.h; path = AppDelegate.h; sourceTree = "<group>"; };
		A48182221805D68400485596 /* AppDelegate.m */ = {isa = PBXFileReference; lastKnownFileType = sourcecode.c.objc; path = AppDelegate.m; sourceTree = "<group>"; };
		A48182251805D68400485596 /* Base */ = {isa = PBXFileReference; lastKnownFileType = file.storyboard; name = Base; path = Base.lproj/iPhone.storyboard; sourceTree = "<group>"; };
		A481822A1805D68400485596 /* Images.xcassets */ = {isa = PBXFileReference; lastKnownFileType = folder.assetcatalog; path = Images.xcassets; sourceTree = "<group>"; };
		A48182301805D68400485596 /* PhotomaniaTests.xctest */ = {isa = PBXFileReference; explicitFileType = wrapper.cfbundle; includeInIndex = 0; path = PhotomaniaTests.xctest; sourceTree = BUILT_PRODUCTS_DIR; };
		A48182311805D68400485596 /* XCTest.framework */ = {isa = PBXFileReference; lastKnownFileType = wrapper.framework; name = XCTest.framework; path = Library/Frameworks/XCTest.framework; sourceTree = DEVELOPER_DIR; };
		A48182391805D68400485596 /* PhotomaniaTests-Info.plist */ = {isa = PBXFileReference; lastKnownFileType = text.plist.xml; path = "PhotomaniaTests-Info.plist"; sourceTree = "<group>"; };
		A481823B1805D68400485596 /* en */ = {isa = PBXFileReference; lastKnownFileType = text.plist.strings; name = en; path = en.lproj/InfoPlist.strings; sourceTree = "<group>"; };
		A481823D1805D68400485596 /* PhotomaniaTests.m */ = {isa = PBXFileReference; lastKnownFileType = sourcecode.c.objc; path = PhotomaniaTests.m; sourceTree = "<group>"; };
		A48182481805D7D100485596 /* Photomania.xcdatamodel */ = {isa = PBXFileReference; lastKnownFileType = wrapper.xcdatamodel; path = Photomania.xcdatamodel; sourceTree = "<group>"; };
		A48182561805DA6E00485596 /* Photo+Flickr.h */ = {isa = PBXFileReference; fileEncoding = 4; lastKnownFileType = sourcecode.c.h; path = "Photo+Flickr.h"; sourceTree = "<group>"; };
		A48182571805DA6E00485596 /* Photo+Flickr.m */ = {isa = PBXFileReference; fileEncoding = 4; lastKnownFileType = sourcecode.c.objc; path = "Photo+Flickr.m"; sourceTree = "<group>"; };
		A481825A1805DBF700485596 /* FlickrAPIKey.h */ = {isa = PBXFileReference; fileEncoding = 4; lastKnownFileType = sourcecode.c.h; path = FlickrAPIKey.h; sourceTree = "<group>"; };
		A481825B1805DBF700485596 /* FlickrFetcher.h */ = {isa = PBXFileReference; fileEncoding = 4; lastKnownFileType = sourcecode.c.h; path = FlickrFetcher.h; sourceTree = "<group>"; };
		A481825C1805DBF700485596 /* FlickrFetcher.m */ = {isa = PBXFileReference; fileEncoding = 4; lastKnownFileType = sourcecode.c.objc; path = FlickrFetcher.m; sourceTree = "<group>"; };
		A481825E1805DC8C00485596 /* AttributedStringViewController.h */ = {isa = PBXFileReference; fileEncoding = 4; lastKnownFileType = sourcecode.c.h; path = AttributedStringViewController.h; sourceTree = "<group>"; };
		A481825F1805DC8C00485596 /* AttributedStringViewController.m */ = {isa = PBXFileReference; fileEncoding = 4; lastKnownFileType = sourcecode.c.objc; path = AttributedStringViewController.m; sourceTree = "<group>"; };
		A48182641805EDA600485596 /* Photographer+Create.h */ = {isa = PBXFileReference; fileEncoding = 4; lastKnownFileType = sourcecode.c.h; path = "Photographer+Create.h"; sourceTree = "<group>"; };
		A48182651805EDA600485596 /* Photographer+Create.m */ = {isa = PBXFileReference; fileEncoding = 4; lastKnownFileType = sourcecode.c.objc; path = "Photographer+Create.m"; sourceTree = "<group>"; };
		A48182671805F03600485596 /* PhotographerCDTVC.h */ = {isa = PBXFileReference; fileEncoding = 4; lastKnownFileType = sourcecode.c.h; path = PhotographerCDTVC.h; sourceTree = "<group>"; };
		A48182681805F03600485596 /* PhotographerCDTVC.m */ = {isa = PBXFileReference; fileEncoding = 4; lastKnownFileType = sourcecode.c.objc; path = PhotographerCDTVC.m; sourceTree = "<group>"; };
		A481AC591806162500DF5CAB /* DemoPhotographerCDTV.h */ = {isa = PBXFileReference; fileEncoding = 4; lastKnownFileType = sourcecode.c.h; path = DemoPhotographerCDTV.h; sourceTree = "<group>"; };
		A481AC5A1806162500DF5CAB /* DemoPhotographerCDTV.m */ = {isa = PBXFileReference; fileEncoding = 4; lastKnownFileType = sourcecode.c.objc; path = DemoPhotographerCDTV.m; sourceTree = "<group>"; };
		A481AC5C18061D0E00DF5CAB /* CoreData.framework */ = {isa = PBXFileReference; lastKnownFileType = wrapper.framework; name = CoreData.framework; path = System/Library/Frameworks/CoreData.framework; sourceTree = SDKROOT; };
		A481AC5E1806249F00DF5CAB /* CoreDataTableViewController.h */ = {isa = PBXFileReference; fileEncoding = 4; lastKnownFileType = sourcecode.c.h; path = CoreDataTableViewController.h; sourceTree = "<group>"; };
		A481AC5F1806249F00DF5CAB /* CoreDataTableViewController.m */ = {isa = PBXFileReference; fileEncoding = 4; lastKnownFileType = sourcecode.c.objc; path = CoreDataTableViewController.m; sourceTree = "<group>"; };
		A481AC611806287D00DF5CAB /* PhotoByPhotographerCDTVC.h */ = {isa = PBXFileReference; fileEncoding = 4; lastKnownFileType = sourcecode.c.h; path = PhotoByPhotographerCDTVC.h; sourceTree = "<group>"; };
		A481AC621806287D00DF5CAB /* PhotoByPhotographerCDTVC.m */ = {isa = PBXFileReference; fileEncoding = 4; lastKnownFileType = sourcecode.c.objc; path = PhotoByPhotographerCDTVC.m; sourceTree = "<group>"; };
		A486456D1807FA36006C873B /* MapKit.framework */ = {isa = PBXFileReference; lastKnownFileType = wrapper.framework; name = MapKit.framework; path = System/Library/Frameworks/MapKit.framework; sourceTree = SDKROOT; };
		A496A50F1807722100D230B4 /* iPad.storyboard */ = {isa = PBXFileReference; fileEncoding = 4; lastKnownFileType = file.storyboard; path = iPad.storyboard; sourceTree = "<group>"; };
		A496A511180772F000D230B4 /* MapViewController.h */ = {isa = PBXFileReference; fileEncoding = 4; lastKnownFileType = sourcecode.c.h; path = MapViewController.h; sourceTree = "<group>"; };
		A496A512180772F000D230B4 /* MapViewController.m */ = {isa = PBXFileReference; fileEncoding = 4; lastKnownFileType = sourcecode.c.objc; path = MapViewController.m; sourceTree = "<group>"; };
		A496A5141807738700D230B4 /* PhotographerMapViewController.h */ = {isa = PBXFileReference; fileEncoding = 4; lastKnownFileType = sourcecode.c.h; path = PhotographerMapViewController.h; sourceTree = "<group>"; };
		A496A5151807738700D230B4 /* PhotographerMapViewController.m */ = {isa = PBXFileReference; fileEncoding = 4; lastKnownFileType = sourcecode.c.objc; path = PhotographerMapViewController.m; sourceTree = "<group>"; };
		A496A517180773E200D230B4 /* PhotoByPhotographerMapViewController.h */ = {isa = PBXFileReference; fileEncoding = 4; lastKnownFileType = sourcecode.c.h; path = PhotoByPhotographerMapViewController.h; sourceTree = "<group>"; };
		A496A518180773E200D230B4 /* PhotoByPhotographerMapViewController.m */ = {isa = PBXFileReference; fileEncoding = 4; lastKnownFileType = sourcecode.c.objc; path = PhotoByPhotographerMapViewController.m; sourceTree = "<group>"; };
		A496A51A1807743500D230B4 /* DemoPhotographerMapViewController.h */ = {isa = PBXFileReference; fileEncoding = 4; lastKnownFileType = sourcecode.c.h; path = DemoPhotographerMapViewController.h; sourceTree = "<group>"; };
		A496A51B1807743500D230B4 /* DemoPhotographerMapViewController.m */ = {isa = PBXFileReference; fileEncoding = 4; lastKnownFileType = sourcecode.c.objc; path = DemoPhotographerMapViewController.m; sourceTree = "<group>"; };
		A496A51D180775A800D230B4 /* Photographer+MKAnnotation.h */ = {isa = PBXFileReference; fileEncoding = 4; lastKnownFileType = sourcecode.c.h; path = "Photographer+MKAnnotation.h"; sourceTree = "<group>"; };
		A496A51E180775A800D230B4 /* Photographer+MKAnnotation.m */ = {isa = PBXFileReference; fileEncoding = 4; lastKnownFileType = sourcecode.c.objc; path = "Photographer+MKAnnotation.m"; sourceTree = "<group>"; };
		A496A520180775B600D230B4 /* Photo+MKAnnotation.h */ = {isa = PBXFileReference; fileEncoding = 4; lastKnownFileType = sourcecode.c.h; path = "Photo+MKAnnotation.h"; sourceTree = "<group>"; };
		A496A521180775B600D230B4 /* Photo+MKAnnotation.m */ = {isa = PBXFileReference; fileEncoding = 4; lastKnownFileType = sourcecode.c.objc; path = "Photo+MKAnnotation.m"; sourceTree = "<group>"; };
		A496A52C180776CF00D230B4 /* Photographer.h */ = {isa = PBXFileReference; fileEncoding = 4; lastKnownFileType = sourcecode.c.h; path = Photographer.h; sourceTree = "<group>"; };
		A496A52D180776CF00D230B4 /* Photographer.m */ = {isa = PBXFileReference; fileEncoding = 4; lastKnownFileType = sourcecode.c.objc; path = Photographer.m; sourceTree = "<group>"; };
		A496A5351807779400D230B4 /* Photo.h */ = {isa = PBXFileReference; fileEncoding = 4; lastKnownFileType = sourcecode.c.h; path = Photo.h; sourceTree = "<group>"; };
		A496A5361807779400D230B4 /* Photo.m */ = {isa = PBXFileReference; fileEncoding = 4; lastKnownFileType = sourcecode.c.objc; path = Photo.m; sourceTree = "<group>"; };
/* End PBXFileReference section */

/* Begin PBXFrameworksBuildPhase section */
		A481820C1805D68400485596 /* Frameworks */ = {
			isa = PBXFrameworksBuildPhase;
			buildActionMask = 2147483647;
			files = (
				A486456E1807FA36006C873B /* MapKit.framework in Frameworks */,
				A481AC5D18061D0E00DF5CAB /* CoreData.framework in Frameworks */,
				A48182151805D68400485596 /* CoreGraphics.framework in Frameworks */,
				A48182171805D68400485596 /* UIKit.framework in Frameworks */,
				A48182131805D68400485596 /* Foundation.framework in Frameworks */,
			);
			runOnlyForDeploymentPostprocessing = 0;
		};
		A481822D1805D68400485596 /* Frameworks */ = {
			isa = PBXFrameworksBuildPhase;
			buildActionMask = 2147483647;
			files = (
				A48182321805D68400485596 /* XCTest.framework in Frameworks */,
				A48182341805D68400485596 /* UIKit.framework in Frameworks */,
				A48182331805D68400485596 /* Foundation.framework in Frameworks */,
			);
			runOnlyForDeploymentPostprocessing = 0;
		};
/* End PBXFrameworksBuildPhase section */

/* Begin PBXGroup section */
		A48182061805D68400485596 = {
			isa = PBXGroup;
			children = (
				A48182181805D68400485596 /* Photomania */,
				A48182371805D68400485596 /* PhotomaniaTests */,
				A48182111805D68400485596 /* Frameworks */,
				A48182101805D68400485596 /* Products */,
			);
			sourceTree = "<group>";
		};
		A48182101805D68400485596 /* Products */ = {
			isa = PBXGroup;
			children = (
				A481820F1805D68400485596 /* Photomania.app */,
				A48182301805D68400485596 /* PhotomaniaTests.xctest */,
			);
			name = Products;
			sourceTree = "<group>";
		};
		A48182111805D68400485596 /* Frameworks */ = {
			isa = PBXGroup;
			children = (
				A486456D1807FA36006C873B /* MapKit.framework */,
				A481AC5C18061D0E00DF5CAB /* CoreData.framework */,
				A48182121805D68400485596 /* Foundation.framework */,
				A48182141805D68400485596 /* CoreGraphics.framework */,
				A48182161805D68400485596 /* UIKit.framework */,
				A48182311805D68400485596 /* XCTest.framework */,
			);
			name = Frameworks;
			sourceTree = "<group>";
		};
		A48182181805D68400485596 /* Photomania */ = {
			isa = PBXGroup;
			children = (
				A486456F1807FE80006C873B /* iPhone */,
				A496A511180772F000D230B4 /* MapViewController.h */,
				A496A512180772F000D230B4 /* MapViewController.m */,
				A48070E5180817B80022B971 /* PhotoImageViewController.h */,
				A48070E6180817B80022B971 /* PhotoImageViewController.m */,
				A496A517180773E200D230B4 /* PhotoByPhotographerMapViewController.h */,
				A496A518180773E200D230B4 /* PhotoByPhotographerMapViewController.m */,
				A496A51A1807743500D230B4 /* DemoPhotographerMapViewController.h */,
				A496A51B1807743500D230B4 /* DemoPhotographerMapViewController.m */,
				A496A5141807738700D230B4 /* PhotographerMapViewController.h */,
				A496A5151807738700D230B4 /* PhotographerMapViewController.m */,
				A481825E1805DC8C00485596 /* AttributedStringViewController.h */,
				A481825F1805DC8C00485596 /* AttributedStringViewController.m */,
				A481AC5E1806249F00DF5CAB /* CoreDataTableViewController.h */,
				A481AC5F1806249F00DF5CAB /* CoreDataTableViewController.m */,
				A48070E21808179C0022B971 /* ImageViewController.h */,
				A48070E31808179C0022B971 /* ImageViewController.m */,
				A481822A1805D68400485596 /* Images.xcassets */,
				A48221201870E22B00506E46 /* Database */,
				A48182591805DBF700485596 /* FlickrFetcher */,
				A48182191805D68400485596 /* Supporting Files */,
				A496A50F1807722100D230B4 /* iPad.storyboard */,
				A48182241805D68400485596 /* iPhone.storyboard */,
			);
			path = Photomania;
			sourceTree = "<group>";
		};
		A48182191805D68400485596 /* Supporting Files */ = {
			isa = PBXGroup;
			children = (
				A48182211805D68400485596 /* AppDelegate.h */,
				A48182221805D68400485596 /* AppDelegate.m */,
				A481821A1805D68400485596 /* Photomania-Info.plist */,
				A481821B1805D68400485596 /* InfoPlist.strings */,
				A481821E1805D68400485596 /* main.m */,
				A48182201805D68400485596 /* Photomania-Prefix.pch */,
			);
			name = "Supporting Files";
			sourceTree = "<group>";
		};
		A48182371805D68400485596 /* PhotomaniaTests */ = {
			isa = PBXGroup;
			children = (
				A481823D1805D68400485596 /* PhotomaniaTests.m */,
				A48182381805D68400485596 /* Supporting Files */,
			);
			path = PhotomaniaTests;
			sourceTree = "<group>";
		};
		A48182381805D68400485596 /* Supporting Files */ = {
			isa = PBXGroup;
			children = (
				A48182391805D68400485596 /* PhotomaniaTests-Info.plist */,
				A481823A1805D68400485596 /* InfoPlist.strings */,
			);
			name = "Supporting Files";
			sourceTree = "<group>";
		};
		A48182591805DBF700485596 /* FlickrFetcher */ = {
			isa = PBXGroup;
			children = (
				A481825A1805DBF700485596 /* FlickrAPIKey.h */,
				A481825B1805DBF700485596 /* FlickrFetcher.h */,
				A481825C1805DBF700485596 /* FlickrFetcher.m */,
			);
			path = FlickrFetcher;
			sourceTree = "<group>";
		};
		A48221201870E22B00506E46 /* Database */ = {
			isa = PBXGroup;
			children = (
				A48182561805DA6E00485596 /* Photo+Flickr.h */,
				A48182571805DA6E00485596 /* Photo+Flickr.m */,
				A496A520180775B600D230B4 /* Photo+MKAnnotation.h */,
				A496A521180775B600D230B4 /* Photo+MKAnnotation.m */,
				A496A51D180775A800D230B4 /* Photographer+MKAnnotation.h */,
				A496A51E180775A800D230B4 /* Photographer+MKAnnotation.m */,
				A48182641805EDA600485596 /* Photographer+Create.h */,
				A48182651805EDA600485596 /* Photographer+Create.m */,
				A48182471805D7D100485596 /* Photomania.xcdatamodeld */,
				A496A5351807779400D230B4 /* Photo.h */,
				A496A5361807779400D230B4 /* Photo.m */,
				A496A52C180776CF00D230B4 /* Photographer.h */,
				A496A52D180776CF00D230B4 /* Photographer.m */,
			);
			name = Database;
			sourceTree = "<group>";
		};
		A486456F1807FE80006C873B /* iPhone */ = {
			isa = PBXGroup;
			children = (
				A48182671805F03600485596 /* PhotographerCDTVC.h */,
				A48182681805F03600485596 /* PhotographerCDTVC.m */,
				A481AC591806162500DF5CAB /* DemoPhotographerCDTV.h */,
				A481AC5A1806162500DF5CAB /* DemoPhotographerCDTV.m */,
				A481AC611806287D00DF5CAB /* PhotoByPhotographerCDTVC.h */,
				A481AC621806287D00DF5CAB /* PhotoByPhotographerCDTVC.m */,
			);
			name = iPhone;
			sourceTree = "<group>";
		};
/* End PBXGroup section */

/* Begin PBXNativeTarget section */
		A481820E1805D68400485596 /* Photomania */ = {
			isa = PBXNativeTarget;
			buildConfigurationList = A48182411805D68400485596 /* Build configuration list for PBXNativeTarget "Photomania" */;
			buildPhases = (
				A481820B1805D68400485596 /* Sources */,
				A481820C1805D68400485596 /* Frameworks */,
				A481820D1805D68400485596 /* Resources */,
			);
			buildRules = (
			);
			dependencies = (
			);
			name = Photomania;
			productName = Photomania;
			productReference = A481820F1805D68400485596 /* Photomania.app */;
			productType = "com.apple.product-type.application";
		};
		A481822F1805D68400485596 /* PhotomaniaTests */ = {
			isa = PBXNativeTarget;
			buildConfigurationList = A48182441805D68400485596 /* Build configuration list for PBXNativeTarget "PhotomaniaTests" */;
			buildPhases = (
				A481822C1805D68400485596 /* Sources */,
				A481822D1805D68400485596 /* Frameworks */,
				A481822E1805D68400485596 /* Resources */,
			);
			buildRules = (
			);
			dependencies = (
				A48182361805D68400485596 /* PBXTargetDependency */,
			);
			name = PhotomaniaTests;
			productName = PhotomaniaTests;
			productReference = A48182301805D68400485596 /* PhotomaniaTests.xctest */;
			productType = "com.apple.product-type.bundle.unit-test";
		};
/* End PBXNativeTarget section */

/* Begin PBXProject section */
		A48182071805D68400485596 /* Project object */ = {
			isa = PBXProject;
			attributes = {
				LastUpgradeCheck = 0500;
				ORGANIZATIONNAME = "Jan Timar";
				TargetAttributes = {
					A481822F1805D68400485596 = {
						TestTargetID = A481820E1805D68400485596;
					};
				};
			};
			buildConfigurationList = A481820A1805D68400485596 /* Build configuration list for PBXProject "Photomania" */;
			compatibilityVersion = "Xcode 3.2";
			developmentRegion = English;
			hasScannedForEncodings = 0;
			knownRegions = (
				en,
				Base,
			);
			mainGroup = A48182061805D68400485596;
			productRefGroup = A48182101805D68400485596 /* Products */;
			projectDirPath = "";
			projectRoot = "";
			targets = (
				A481820E1805D68400485596 /* Photomania */,
				A481822F1805D68400485596 /* PhotomaniaTests */,
			);
		};
/* End PBXProject section */

/* Begin PBXResourcesBuildPhase section */
		A481820D1805D68400485596 /* Resources */ = {
			isa = PBXResourcesBuildPhase;
			buildActionMask = 2147483647;
			files = (
				A496A5101807722100D230B4 /* iPad.storyboard in Resources */,
				A481822B1805D68400485596 /* Images.xcassets in Resources */,
				A481821D1805D68400485596 /* InfoPlist.strings in Resources */,
				A48182261805D68400485596 /* iPhone.storyboard in Resources */,
			);
			runOnlyForDeploymentPostprocessing = 0;
		};
		A481822E1805D68400485596 /* Resources */ = {
			isa = PBXResourcesBuildPhase;
			buildActionMask = 2147483647;
			files = (
				A481823C1805D68400485596 /* InfoPlist.strings in Resources */,
			);
			runOnlyForDeploymentPostprocessing = 0;
		};
/* End PBXResourcesBuildPhase section */

/* Begin PBXSourcesBuildPhase section */
		A481820B1805D68400485596 /* Sources */ = {
			isa = PBXSourcesBuildPhase;
			buildActionMask = 2147483647;
			files = (
				A48182231805D68400485596 /* AppDelegate.m in Sources */,
				A496A5161807738700D230B4 /* PhotographerMapViewController.m in Sources */,
				A496A52E180776CF00D230B4 /* Photographer.m in Sources */,
				A496A5371807779400D230B4 /* Photo.m in Sources */,
				A481821F1805D68400485596 /* main.m in Sources */,
				A481AC601806249F00DF5CAB /* CoreDataTableViewController.m in Sources */,
				A48070E7180817B80022B971 /* PhotoImageViewController.m in Sources */,
				A48182691805F03600485596 /* PhotographerCDTVC.m in Sources */,
				A496A51F180775A800D230B4 /* Photographer+MKAnnotation.m in Sources */,
				A496A51C1807743500D230B4 /* DemoPhotographerMapViewController.m in Sources */,
				A48182621805DC8C00485596 /* AttributedStringViewController.m in Sources */,
				A48070E41808179C0022B971 /* ImageViewController.m in Sources */,
				A496A519180773E200D230B4 /* PhotoByPhotographerMapViewController.m in Sources */,
				A48182661805EDA600485596 /* Photographer+Create.m in Sources */,
				A481AC5B1806162500DF5CAB /* DemoPhotographerCDTV.m in Sources */,
				A496A522180775B600D230B4 /* Photo+MKAnnotation.m in Sources */,
				A481AC631806287D00DF5CAB /* PhotoByPhotographerCDTVC.m in Sources */,
				A481825D1805DBF700485596 /* FlickrFetcher.m in Sources */,
				A48182491805D7D100485596 /* Photomania.xcdatamodeld in Sources */,
				A48182581805DA6E00485596 /* Photo+Flickr.m in Sources */,
				A496A513180772F000D230B4 /* MapViewController.m in Sources */,
			);
			runOnlyForDeploymentPostprocessing = 0;
		};
		A481822C1805D68400485596 /* Sources */ = {
			isa = PBXSourcesBuildPhase;
			buildActionMask = 2147483647;
			files = (
				A481823E1805D68400485596 /* PhotomaniaTests.m in Sources */,
			);
			runOnlyForDeploymentPostprocessing = 0;
		};
/* End PBXSourcesBuildPhase section */

/* Begin PBXTargetDependency section */
		A48182361805D68400485596 /* PBXTargetDependency */ = {
			isa = PBXTargetDependency;
			target = A481820E1805D68400485596 /* Photomania */;
			targetProxy = A48182351805D68400485596 /* PBXContainerItemProxy */;
		};
/* End PBXTargetDependency section */

/* Begin PBXVariantGroup section */
		A481821B1805D68400485596 /* InfoPlist.strings */ = {
			isa = PBXVariantGroup;
			children = (
				A481821C1805D68400485596 /* en */,
			);
			name = InfoPlist.strings;
			sourceTree = "<group>";
		};
		A48182241805D68400485596 /* iPhone.storyboard */ = {
			isa = PBXVariantGroup;
			children = (
				A48182251805D68400485596 /* Base */,
			);
			name = iPhone.storyboard;
			sourceTree = "<group>";
		};
		A481823A1805D68400485596 /* InfoPlist.strings */ = {
			isa = PBXVariantGroup;
			children = (
				A481823B1805D68400485596 /* en */,
			);
			name = InfoPlist.strings;
			sourceTree = "<group>";
		};
/* End PBXVariantGroup section */

/* Begin XCBuildConfiguration section */
		A481823F1805D68400485596 /* Debug */ = {
			isa = XCBuildConfiguration;
			buildSettings = {
				ALWAYS_SEARCH_USER_PATHS = NO;
				ARCHS = "$(ARCHS_STANDARD_INCLUDING_64_BIT)";
				CLANG_CXX_LANGUAGE_STANDARD = "gnu++0x";
				CLANG_CXX_LIBRARY = "libc++";
				CLANG_ENABLE_MODULES = YES;
				CLANG_ENABLE_OBJC_ARC = YES;
				CLANG_WARN_BOOL_CONVERSION = YES;
				CLANG_WARN_CONSTANT_CONVERSION = YES;
				CLANG_WARN_DIRECT_OBJC_ISA_USAGE = YES_ERROR;
				CLANG_WARN_EMPTY_BODY = YES;
				CLANG_WARN_ENUM_CONVERSION = YES;
				CLANG_WARN_INT_CONVERSION = YES;
				CLANG_WARN_OBJC_ROOT_CLASS = YES_ERROR;
				CLANG_WARN__DUPLICATE_METHOD_MATCH = YES;
				"CODE_SIGN_IDENTITY[sdk=iphoneos*]" = "iPhone Developer";
				COPY_PHASE_STRIP = NO;
				GCC_C_LANGUAGE_STANDARD = gnu99;
				GCC_DYNAMIC_NO_PIC = NO;
				GCC_OPTIMIZATION_LEVEL = 0;
				GCC_PREPROCESSOR_DEFINITIONS = (
					"DEBUG=1",
					"$(inherited)",
				);
				GCC_SYMBOLS_PRIVATE_EXTERN = NO;
				GCC_WARN_64_TO_32_BIT_CONVERSION = YES;
				GCC_WARN_ABOUT_RETURN_TYPE = YES_ERROR;
				GCC_WARN_UNDECLARED_SELECTOR = YES;
				GCC_WARN_UNINITIALIZED_AUTOS = YES;
				GCC_WARN_UNUSED_FUNCTION = YES;
				GCC_WARN_UNUSED_VARIABLE = YES;
				IPHONEOS_DEPLOYMENT_TARGET = 7.0;
				ONLY_ACTIVE_ARCH = YES;
				SDKROOT = iphoneos;
			};
			name = Debug;
		};
		A48182401805D68400485596 /* Release */ = {
			isa = XCBuildConfiguration;
			buildSettings = {
				ALWAYS_SEARCH_USER_PATHS = NO;
				ARCHS = "$(ARCHS_STANDARD_INCLUDING_64_BIT)";
				CLANG_CXX_LANGUAGE_STANDARD = "gnu++0x";
				CLANG_CXX_LIBRARY = "libc++";
				CLANG_ENABLE_MODULES = YES;
				CLANG_ENABLE_OBJC_ARC = YES;
				CLANG_WARN_BOOL_CONVERSION = YES;
				CLANG_WARN_CONSTANT_CONVERSION = YES;
				CLANG_WARN_DIRECT_OBJC_ISA_USAGE = YES_ERROR;
				CLANG_WARN_EMPTY_BODY = YES;
				CLANG_WARN_ENUM_CONVERSION = YES;
				CLANG_WARN_INT_CONVERSION = YES;
				CLANG_WARN_OBJC_ROOT_CLASS = YES_ERROR;
				CLANG_WARN__DUPLICATE_METHOD_MATCH = YES;
				"CODE_SIGN_IDENTITY[sdk=iphoneos*]" = "iPhone Developer";
				COPY_PHASE_STRIP = YES;
				ENABLE_NS_ASSERTIONS = NO;
				GCC_C_LANGUAGE_STANDARD = gnu99;
				GCC_WARN_64_TO_32_BIT_CONVERSION = YES;
				GCC_WARN_ABOUT_RETURN_TYPE = YES_ERROR;
				GCC_WARN_UNDECLARED_SELECTOR = YES;
				GCC_WARN_UNINITIALIZED_AUTOS = YES;
				GCC_WARN_UNUSED_FUNCTION = YES;
				GCC_WARN_UNUSED_VARIABLE = YES;
				IPHONEOS_DEPLOYMENT_TARGET = 7.0;
				SDKROOT = iphoneos;
				VALIDATE_PRODUCT = YES;
			};
			name = Release;
		};
		A48182421805D68400485596 /* Debug */ = {
			isa = XCBuildConfiguration;
			buildSettings = {
				ASSETCATALOG_COMPILER_APPICON_NAME = AppIcon;
				ASSETCATALOG_COMPILER_LAUNCHIMAGE_NAME = LaunchImage;
				CODE_SIGN_IDENTITY = "iPhone Developer";
				"CODE_SIGN_IDENTITY[sdk=iphoneos*]" = "iPhone Developer: JAN TIMAR (67ED8S4S93)";
				GCC_PRECOMPILE_PREFIX_HEADER = YES;
				GCC_PREFIX_HEADER = "Photomania/Photomania-Prefix.pch";
				INFOPLIST_FILE = "Photomania/Photomania-Info.plist";
				IPHONEOS_DEPLOYMENT_TARGET = 7.0;
				PRODUCT_NAME = "$(TARGET_NAME)";
				TARGETED_DEVICE_FAMILY = "1,2";
				WRAPPER_EXTENSION = app;
			};
			name = Debug;
		};
		A48182431805D68400485596 /* Release */ = {
			isa = XCBuildConfiguration;
			buildSettings = {
				ASSETCATALOG_COMPILER_APPICON_NAME = AppIcon;
				ASSETCATALOG_COMPILER_LAUNCHIMAGE_NAME = LaunchImage;
				CODE_SIGN_IDENTITY = "iPhone Developer";
				GCC_PRECOMPILE_PREFIX_HEADER = YES;
				GCC_PREFIX_HEADER = "Photomania/Photomania-Prefix.pch";
				INFOPLIST_FILE = "Photomania/Photomania-Info.plist";
				IPHONEOS_DEPLOYMENT_TARGET = 7.0;
				PRODUCT_NAME = "$(TARGET_NAME)";
				TARGETED_DEVICE_FAMILY = "1,2";
				WRAPPER_EXTENSION = app;
			};
			name = Release;
		};
		A48182451805D68400485596 /* Debug */ = {
			isa = XCBuildConfiguration;
			buildSettings = {
				ARCHS = "$(ARCHS_STANDARD_INCLUDING_64_BIT)";
				BUNDLE_LOADER = "$(BUILT_PRODUCTS_DIR)/Photomania.app/Photomania";
				FRAMEWORK_SEARCH_PATHS = (
					"$(SDKROOT)/Developer/Library/Frameworks",
					"$(inherited)",
					"$(DEVELOPER_FRAMEWORKS_DIR)",
				);
				GCC_PRECOMPILE_PREFIX_HEADER = YES;
				GCC_PREFIX_HEADER = "Photomania/Photomania-Prefix.pch";
				GCC_PREPROCESSOR_DEFINITIONS = (
					"DEBUG=1",
					"$(inherited)",
				);
				INFOPLIST_FILE = "PhotomaniaTests/PhotomaniaTests-Info.plist";
				PRODUCT_NAME = "$(TARGET_NAME)";
				TEST_HOST = "$(BUNDLE_LOADER)";
				WRAPPER_EXTENSION = xctest;
			};
			name = Debug;
		};
		A48182461805D68400485596 /* Release */ = {
			isa = XCBuildConfiguration;
			buildSettings = {
				ARCHS = "$(ARCHS_STANDARD_INCLUDING_64_BIT)";
				BUNDLE_LOADER = "$(BUILT_PRODUCTS_DIR)/Photomania.app/Photomania";
				FRAMEWORK_SEARCH_PATHS = (
					"$(SDKROOT)/Developer/Library/Frameworks",
					"$(inherited)",
					"$(DEVELOPER_FRAMEWORKS_DIR)",
				);
				GCC_PRECOMPILE_PREFIX_HEADER = YES;
				GCC_PREFIX_HEADER = "Photomania/Photomania-Prefix.pch";
				INFOPLIST_FILE = "PhotomaniaTests/PhotomaniaTests-Info.plist";
				PRODUCT_NAME = "$(TARGET_NAME)";
				TEST_HOST = "$(BUNDLE_LOADER)";
				WRAPPER_EXTENSION = xctest;
			};
			name = Release;
		};
/* End XCBuildConfiguration section */

/* Begin XCConfigurationList section */
		A481820A1805D68400485596 /* Build configuration list for PBXProject "Photomania" */ = {
			isa = XCConfigurationList;
			buildConfigurations = (
				A481823F1805D68400485596 /* Debug */,
				A48182401805D68400485596 /* Release */,
			);
			defaultConfigurationIsVisible = 0;
			defaultConfigurationName = Release;
		};
		A48182411805D68400485596 /* Build configuration list for PBXNativeTarget "Photomania" */ = {
			isa = XCConfigurationList;
			buildConfigurations = (
				A48182421805D68400485596 /* Debug */,
				A48182431805D68400485596 /* Release */,
			);
			defaultConfigurationIsVisible = 0;
			defaultConfigurationName = Release;
		};
		A48182441805D68400485596 /* Build configuration list for PBXNativeTarget "PhotomaniaTests" */ = {
			isa = XCConfigurationList;
			buildConfigurations = (
				A48182451805D68400485596 /* Debug */,
				A48182461805D68400485596 /* Release */,
			);
			defaultConfigurationIsVisible = 0;
			defaultConfigurationName = Release;
		};
/* End XCConfigurationList section */

/* Begin XCVersionGroup section */
		A48182471805D7D100485596 /* Photomania.xcdatamodeld */ = {
			isa = XCVersionGroup;
			children = (
				A48182481805D7D100485596 /* Photomania.xcdatamodel */,
			);
			currentVersion = A48182481805D7D100485596 /* Photomania.xcdatamodel */;
			path = Photomania.xcdatamodeld;
			sourceTree = "<group>";
			versionGroupType = wrapper.xcdatamodel;
		};
/* End XCVersionGroup section */
	};
	rootObject = A48182071805D68400485596 /* Project object */;
}
